
Microsoft Visual Studio Solution File, Format Version 12.00
# Visual Studio 14
VisualStudioVersion = 14.0.25420.1
MinimumVisualStudioVersion = 10.0.40219.1
Project("{FAE04EC0-301F-11D3-BF4B-00C04F79EFBC}") = "Translink", "Translink\Translink\Translink.csproj", "{B0FB5DF4-A88A-4F26-8DAB-0C782EFE0256}"
EndProject
Project("{FAE04EC0-301F-11D3-BF4B-00C04F79EFBC}") = "Translink.Droid", "Translink\Translink.Droid\Translink.Droid.csproj", "{989BF6F9-7FB9-487F-97C1-7D7B039B201A}"
EndProject
Project("{FAE04EC0-301F-11D3-BF4B-00C04F79EFBC}") = "Translink.iOS", "Translink\Translink.iOS\Translink.iOS.csproj", "{7055B087-8459-4DC4-A4D1-22A3ECE23E7E}"
EndProject
Global
	GlobalSection(SolutionConfigurationPlatforms) = preSolution
		Ad-Hoc|Any CPU = Ad-Hoc|Any CPU
		Ad-Hoc|iPhone = Ad-Hoc|iPhone
		Ad-Hoc|iPhoneSimulator = Ad-Hoc|iPhoneSimulator
		AppStore|Any CPU = AppStore|Any CPU
		AppStore|iPhone = AppStore|iPhone
		AppStore|iPhoneSimulator = AppStore|iPhoneSimulator
		Debug|Any CPU = Debug|Any CPU
		Debug|iPhone = Debug|iPhone
		Debug|iPhoneSimulator = Debug|iPhoneSimulator
		Release|Any CPU = Release|Any CPU
		Release|iPhone = Release|iPhone
		Release|iPhoneSimulator = Release|iPhoneSimulator
	EndGlobalSection
	GlobalSection(ProjectConfigurationPlatforms) = postSolution
		{B0FB5DF4-A88A-4F26-8DAB-0C782EFE0256}.Ad-Hoc|Any CPU.ActiveCfg = Release|Any CPU
		{B0FB5DF4-A88A-4F26-8DAB-0C782EFE0256}.Ad-Hoc|Any CPU.Build.0 = Release|Any CPU
		{B0FB5DF4-A88A-4F26-8DAB-0C782EFE0256}.Ad-Hoc|iPhone.ActiveCfg = Release|Any CPU
		{B0FB5DF4-A88A-4F26-8DAB-0C782EFE0256}.Ad-Hoc|iPhone.Build.0 = Release|Any CPU
		{B0FB5DF4-A88A-4F26-8DAB-0C782EFE0256}.Ad-Hoc|iPhoneSimulator.ActiveCfg = Release|Any CPU
		{B0FB5DF4-A88A-4F26-8DAB-0C782EFE0256}.Ad-Hoc|iPhoneSimulator.Build.0 = Release|Any CPU
		{B0FB5DF4-A88A-4F26-8DAB-0C782EFE0256}.AppStore|Any CPU.ActiveCfg = Release|Any CPU
		{B0FB5DF4-A88A-4F26-8DAB-0C782EFE0256}.AppStore|Any CPU.Build.0 = Release|Any CPU
		{B0FB5DF4-A88A-4F26-8DAB-0C782EFE0256}.AppStore|iPhone.ActiveCfg = Release|Any CPU
		{B0FB5DF4-A88A-4F26-8DAB-0C782EFE0256}.AppStore|iPhone.Build.0 = Release|Any CPU
		{B0FB5DF4-A88A-4F26-8DAB-0C782EFE0256}.AppStore|iPhoneSimulator.ActiveCfg = Release|Any CPU
		{B0FB5DF4-A88A-4F26-8DAB-0C782EFE0256}.AppStore|iPhoneSimulator.Build.0 = Release|Any CPU
		{B0FB5DF4-A88A-4F26-8DAB-0C782EFE0256}.Debug|Any CPU.ActiveCfg = Debug|Any CPU
		{B0FB5DF4-A88A-4F26-8DAB-0C782EFE0256}.Debug|Any CPU.Build.0 = Debug|Any CPU
		{B0FB5DF4-A88A-4F26-8DAB-0C782EFE0256}.Debug|iPhone.ActiveCfg = Debug|Any CPU
		{B0FB5DF4-A88A-4F26-8DAB-0C782EFE0256}.Debug|iPhone.Build.0 = Debug|Any CPU
		{B0FB5DF4-A88A-4F26-8DAB-0C782EFE0256}.Debug|iPhoneSimulator.ActiveCfg = Debug|Any CPU
		{B0FB5DF4-A88A-4F26-8DAB-0C782EFE0256}.Debug|iPhoneSimulator.Build.0 = Debug|Any CPU
		{B0FB5DF4-A88A-4F26-8DAB-0C782EFE0256}.Release|Any CPU.ActiveCfg = Release|Any CPU
		{B0FB5DF4-A88A-4F26-8DAB-0C782EFE0256}.Release|Any CPU.Build.0 = Release|Any CPU
		{B0FB5DF4-A88A-4F26-8DAB-0C782EFE0256}.Release|iPhone.ActiveCfg = Release|Any CPU
		{B0FB5DF4-A88A-4F26-8DAB-0C782EFE0256}.Release|iPhone.Build.0 = Release|Any CPU
		{B0FB5DF4-A88A-4F26-8DAB-0C782EFE0256}.Release|iPhoneSimulator.ActiveCfg = Release|Any CPU
		{B0FB5DF4-A88A-4F26-8DAB-0C782EFE0256}.Release|iPhoneSimulator.Build.0 = Release|Any CPU
		{989BF6F9-7FB9-487F-97C1-7D7B039B201A}.Ad-Hoc|Any CPU.ActiveCfg = Release|Any CPU
		{989BF6F9-7FB9-487F-97C1-7D7B039B201A}.Ad-Hoc|Any CPU.Build.0 = Release|Any CPU
		{989BF6F9-7FB9-487F-97C1-7D7B039B201A}.Ad-Hoc|Any CPU.Deploy.0 = Release|Any CPU
		{989BF6F9-7FB9-487F-97C1-7D7B039B201A}.Ad-Hoc|iPhone.ActiveCfg = Release|Any CPU
		{989BF6F9-7FB9-487F-97C1-7D7B039B201A}.Ad-Hoc|iPhone.Build.0 = Release|Any CPU
		{989BF6F9-7FB9-487F-97C1-7D7B039B201A}.Ad-Hoc|iPhone.Deploy.0 = Release|Any CPU
		{989BF6F9-7FB9-487F-97C1-7D7B039B201A}.Ad-Hoc|iPhoneSimulator.ActiveCfg = Release|Any CPU
		{989BF6F9-7FB9-487F-97C1-7D7B039B201A}.Ad-Hoc|iPhoneSimulator.Build.0 = Release|Any CPU
		{989BF6F9-7FB9-487F-97C1-7D7B039B201A}.Ad-Hoc|iPhoneSimulator.Deploy.0 = Release|Any CPU
		{989BF6F9-7FB9-487F-97C1-7D7B039B201A}.AppStore|Any CPU.ActiveCfg = Release|Any CPU
		{989BF6F9-7FB9-487F-97C1-7D7B039B201A}.AppStore|Any CPU.Build.0 = Release|Any CPU
		{989BF6F9-7FB9-487F-97C1-7D7B039B201A}.AppStore|Any CPU.Deploy.0 = Release|Any CPU
		{989BF6F9-7FB9-487F-97C1-7D7B039B201A}.AppStore|iPhone.ActiveCfg = Release|Any CPU
		{989BF6F9-7FB9-487F-97C1-7D7B039B201A}.AppStore|iPhone.Build.0 = Release|Any CPU
		{989BF6F9-7FB9-487F-97C1-7D7B039B201A}.AppStore|iPhone.Deploy.0 = Release|Any CPU
		{989BF6F9-7FB9-487F-97C1-7D7B039B201A}.AppStore|iPhoneSimulator.ActiveCfg = Release|Any CPU
		{989BF6F9-7FB9-487F-97C1-7D7B039B201A}.AppStore|iPhoneSimulator.Build.0 = Release|Any CPU
		{989BF6F9-7FB9-487F-97C1-7D7B039B201A}.AppStore|iPhoneSimulator.Deploy.0 = Release|Any CPU
		{989BF6F9-7FB9-487F-97C1-7D7B039B201A}.Debug|Any CPU.ActiveCfg = Debug|Any CPU
		{989BF6F9-7FB9-487F-97C1-7D7B039B201A}.Debug|Any CPU.Build.0 = Debug|Any CPU
		{989BF6F9-7FB9-487F-97C1-7D7B039B201A}.Debug|Any CPU.Deploy.0 = Debug|Any CPU
		{989BF6F9-7FB9-487F-97C1-7D7B039B201A}.Debug|iPhone.ActiveCfg = Debug|Any CPU
		{989BF6F9-7FB9-487F-97C1-7D7B039B201A}.Debug|iPhone.Build.0 = Debug|Any CPU
		{989BF6F9-7FB9-487F-97C1-7D7B039B201A}.Debug|iPhone.Deploy.0 = Debug|Any CPU
		{989BF6F9-7FB9-487F-97C1-7D7B039B201A}.Debug|iPhoneSimulator.ActiveCfg = Debug|Any CPU
		{989BF6F9-7FB9-487F-97C1-7D7B039B201A}.Debug|iPhoneSimulator.Build.0 = Debug|Any CPU
		{989BF6F9-7FB9-487F-97C1-7D7B039B201A}.Debug|iPhoneSimulator.Deploy.0 = Debug|Any CPU
		{989BF6F9-7FB9-487F-97C1-7D7B039B201A}.Release|Any CPU.ActiveCfg = Release|Any CPU
		{989BF6F9-7FB9-487F-97C1-7D7B039B201A}.Release|Any CPU.Build.0 = Release|Any CPU
		{989BF6F9-7FB9-487F-97C1-7D7B039B201A}.Release|Any CPU.Deploy.0 = Release|Any CPU
		{989BF6F9-7FB9-487F-97C1-7D7B039B201A}.Release|iPhone.ActiveCfg = Release|Any CPU
		{989BF6F9-7FB9-487F-97C1-7D7B039B201A}.Release|iPhone.Build.0 = Release|Any CPU
		{989BF6F9-7FB9-487F-97C1-7D7B039B201A}.Release|iPhone.Deploy.0 = Release|Any CPU
		{989BF6F9-7FB9-487F-97C1-7D7B039B201A}.Release|iPhoneSimulator.ActiveCfg = Release|Any CPU
		{989BF6F9-7FB9-487F-97C1-7D7B039B201A}.Release|iPhoneSimulator.Build.0 = Release|Any CPU
		{989BF6F9-7FB9-487F-97C1-7D7B039B201A}.Release|iPhoneSimulator.Deploy.0 = Release|Any CPU
		{7055B087-8459-4DC4-A4D1-22A3ECE23E7E}.Ad-Hoc|Any CPU.ActiveCfg = Ad-Hoc|iPhone
		{7055B087-8459-4DC4-A4D1-22A3ECE23E7E}.Ad-Hoc|iPhone.ActiveCfg = Ad-Hoc|iPhone
		{7055B087-8459-4DC4-A4D1-22A3ECE23E7E}.Ad-Hoc|iPhone.Build.0 = Ad-Hoc|iPhone
		{7055B087-8459-4DC4-A4D1-22A3ECE23E7E}.Ad-Hoc|iPhoneSimulator.ActiveCfg = Ad-Hoc|iPhoneSimulator
		{7055B087-8459-4DC4-A4D1-22A3ECE23E7E}.Ad-Hoc|iPhoneSimulator.Build.0 = Ad-Hoc|iPhoneSimulator
		{7055B087-8459-4DC4-A4D1-22A3ECE23E7E}.AppStore|Any CPU.ActiveCfg = AppStore|iPhone
		{7055B087-8459-4DC4-A4D1-22A3ECE23E7E}.AppStore|iPhone.ActiveCfg = AppStore|iPhone
		{7055B087-8459-4DC4-A4D1-22A3ECE23E7E}.AppStore|iPhone.Build.0 = AppStore|iPhone
		{7055B087-8459-4DC4-A4D1-22A3ECE23E7E}.AppStore|iPhoneSimulator.ActiveCfg = AppStore|iPhoneSimulator
		{7055B087-8459-4DC4-A4D1-22A3ECE23E7E}.AppStore|iPhoneSimulator.Build.0 = AppStore|iPhoneSimulator
		{7055B087-8459-4DC4-A4D1-22A3ECE23E7E}.Debug|Any CPU.ActiveCfg = Debug|iPhone
		{7055B087-8459-4DC4-A4D1-22A3ECE23E7E}.Debug|iPhone.ActiveCfg = Debug|iPhone
		{7055B087-8459-4DC4-A4D1-22A3ECE23E7E}.Debug|iPhone.Build.0 = Debug|iPhone
		{7055B087-8459-4DC4-A4D1-22A3ECE23E7E}.Debug|iPhoneSimulator.ActiveCfg = Debug|iPhoneSimulator
		{7055B087-8459-4DC4-A4D1-22A3ECE23E7E}.Debug|iPhoneSimulator.Build.0 = Debug|iPhoneSimulator
		{7055B087-8459-4DC4-A4D1-22A3ECE23E7E}.Release|Any CPU.ActiveCfg = Release|iPhone
		{7055B087-8459-4DC4-A4D1-22A3ECE23E7E}.Release|iPhone.ActiveCfg = Release|iPhone
		{7055B087-8459-4DC4-A4D1-22A3ECE23E7E}.Release|iPhone.Build.0 = Release|iPhone
		{7055B087-8459-4DC4-A4D1-22A3ECE23E7E}.Release|iPhoneSimulator.ActiveCfg = Release|iPhoneSimulator
		{7055B087-8459-4DC4-A4D1-22A3ECE23E7E}.Release|iPhoneSimulator.Build.0 = Release|iPhoneSimulator
	EndGlobalSection
	GlobalSection(SolutionProperties) = preSolution
		HideSolutionNode = FALSE
	EndGlobalSection
EndGlobal
